// !$*UTF8*$!
{
	archiveVersion = 1;
	classes = {
	};
	objectVersion = 46;
	objects = {

/* Begin PBXBuildFile section */
		CA206DEA1C91FBB40053BDAD /* AppDelegate.swift in Sources */ = {isa = PBXBuildFile; fileRef = CA206DE91C91FBB40053BDAD /* AppDelegate.swift */; };
		CA206DEC1C91FBB40053BDAD /* ViewController.swift in Sources */ = {isa = PBXBuildFile; fileRef = CA206DEB1C91FBB40053BDAD /* ViewController.swift */; };
		CA206DEF1C91FBB40053BDAD /* Main.storyboard in Resources */ = {isa = PBXBuildFile; fileRef = CA206DED1C91FBB40053BDAD /* Main.storyboard */; };
		CA206DF11C91FBB40053BDAD /* Assets.xcassets in Resources */ = {isa = PBXBuildFile; fileRef = CA206DF01C91FBB40053BDAD /* Assets.xcassets */; };
		CA206DF41C91FBB40053BDAD /* LaunchScreen.storyboard in Resources */ = {isa = PBXBuildFile; fileRef = CA206DF21C91FBB40053BDAD /* LaunchScreen.storyboard */; };
		CA6465FF1C9201BD00B9EAFF /* Event.swift in Sources */ = {isa = PBXBuildFile; fileRef = CA6465FE1C9201BD00B9EAFF /* Event.swift */; };
		CA6466011C92111C00B9EAFF /* CreateEvent.swift in Sources */ = {isa = PBXBuildFile; fileRef = CA6466001C92111C00B9EAFF /* CreateEvent.swift */; };
		CA6466031C93948A00B9EAFF /* ViewEvents.swift in Sources */ = {isa = PBXBuildFile; fileRef = CA6466021C93948A00B9EAFF /* ViewEvents.swift */; };
/* End PBXBuildFile section */

/* Begin PBXFileReference section */
		CA206DE61C91FBB40053BDAD /* CS407hw2.app */ = {isa = PBXFileReference; explicitFileType = wrapper.application; includeInIndex = 0; path = CS407hw2.app; sourceTree = BUILT_PRODUCTS_DIR; };
		CA206DE91C91FBB40053BDAD /* AppDelegate.swift */ = {isa = PBXFileReference; lastKnownFileType = sourcecode.swift; path = AppDelegate.swift; sourceTree = "<group>"; };
		CA206DEB1C91FBB40053BDAD /* ViewController.swift */ = {isa = PBXFileReference; lastKnownFileType = sourcecode.swift; path = ViewController.swift; sourceTree = "<group>"; };
		CA206DEE1C91FBB40053BDAD /* Base */ = {isa = PBXFileReference; lastKnownFileType = file.storyboard; name = Base; path = Base.lproj/Main.storyboard; sourceTree = "<group>"; };
		CA206DF01C91FBB40053BDAD /* Assets.xcassets */ = {isa = PBXFileReference; lastKnownFileType = folder.assetcatalog; path = Assets.xcassets; sourceTree = "<group>"; };
		CA206DF31C91FBB40053BDAD /* Base */ = {isa = PBXFileReference; lastKnownFileType = file.storyboard; name = Base; path = Base.lproj/LaunchScreen.storyboard; sourceTree = "<group>"; };
		CA206DF51C91FBB40053BDAD /* Info.plist */ = {isa = PBXFileReference; lastKnownFileType = text.plist.xml; path = Info.plist; sourceTree = "<group>"; };
		CA6465FE1C9201BD00B9EAFF /* Event.swift */ = {isa = PBXFileReference; fileEncoding = 4; lastKnownFileType = sourcecode.swift; path = Event.swift; sourceTree = "<group>"; };
		CA6466001C92111C00B9EAFF /* CreateEvent.swift */ = {isa = PBXFileReference; fileEncoding = 4; lastKnownFileType = sourcecode.swift; path = CreateEvent.swift; sourceTree = "<group>"; };
		CA6466021C93948A00B9EAFF /* ViewEvents.swift */ = {isa = PBXFileReference; fileEncoding = 4; lastKnownFileType = sourcecode.swift; path = ViewEvents.swift; sourceTree = "<group>"; };
/* End PBXFileReference section */

/* Begin PBXFrameworksBuildPhase section */
		CA206DE31C91FBB40053BDAD /* Frameworks */ = {
			isa = PBXFrameworksBuildPhase;
			buildActionMask = 2147483647;
			files = (
			);
			runOnlyForDeploymentPostprocessing = 0;
		};
/* End PBXFrameworksBuildPhase section */

/* Begin PBXGroup section */
		CA206DDD1C91FBB40053BDAD = {
			isa = PBXGroup;
			children = (
				CA206DE81C91FBB40053BDAD /* CS407hw2 */,
				CA206DE71C91FBB40053BDAD /* Products */,
			);
			sourceTree = "<group>";
		};
		CA206DE71C91FBB40053BDAD /* Products */ = {
			isa = PBXGroup;
			children = (
				CA206DE61C91FBB40053BDAD /* CS407hw2.app */,
			);
			name = Products;
			sourceTree = "<group>";
		};
		CA206DE81C91FBB40053BDAD /* CS407hw2 */ = {
			isa = PBXGroup;
			children = (
				CA206DE91C91FBB40053BDAD /* AppDelegate.swift */,
				CA206DEB1C91FBB40053BDAD /* ViewController.swift */,
				CA6465FE1C9201BD00B9EAFF /* Event.swift */,
				CA206DED1C91FBB40053BDAD /* Main.storyboard */,
				CA6466021C93948A00B9EAFF /* ViewEvents.swift */,
				CA6466001C92111C00B9EAFF /* CreateEvent.swift */,
				CA206DF01C91FBB40053BDAD /* Assets.xcassets */,
				CA206DF21C91FBB40053BDAD /* LaunchScreen.storyboard */,
				CA206DF51C91FBB40053BDAD /* Info.plist */,
			);
			path = CS407hw2;
			sourceTree = "<group>";
		};
/* End PBXGroup section */

/* Begin PBXNativeTarget section */
		CA206DE51C91FBB40053BDAD /* CS407hw2 */ = {
			isa = PBXNativeTarget;
			buildConfigurationList = CA206DF81C91FBB40053BDAD /* Build configuration list for PBXNativeTarget "CS407hw2" */;
			buildPhases = (
				CA206DE21C91FBB40053BDAD /* Sources */,
				CA206DE31C91FBB40053BDAD /* Frameworks */,
				CA206DE41C91FBB40053BDAD /* Resources */,
			);
			buildRules = (
			);
			dependencies = (
			);
			name = CS407hw2;
			productName = CS407hw2;
			productReference = CA206DE61C91FBB40053BDAD /* CS407hw2.app */;
			productType = "com.apple.product-type.application";
		};
/* End PBXNativeTarget section */

/* Begin PBXProject section */
		CA206DDE1C91FBB40053BDAD /* Project object */ = {
			isa = PBXProject;
			attributes = {
				LastSwiftUpdateCheck = 0730;
				LastUpgradeCheck = 0730;
				ORGANIZATIONNAME = Margy;
				TargetAttributes = {
					CA206DE51C91FBB40053BDAD = {
						CreatedOnToolsVersion = 7.3;
					};
				};
			};
			buildConfigurationList = CA206DE11C91FBB40053BDAD /* Build configuration list for PBXProject "CS407hw2" */;
			compatibilityVersion = "Xcode 3.2";
			developmentRegion = English;
			hasScannedForEncodings = 0;
			knownRegions = (
				en,
				Base,
			);
			mainGroup = CA206DDD1C91FBB40053BDAD;
			productRefGroup = CA206DE71C91FBB40053BDAD /* Products */;
			projectDirPath = "";
			projectRoot = "";
			targets = (
				CA206DE51C91FBB40053BDAD /* CS407hw2 */,
			);
		};
/* End PBXProject section */

/* Begin PBXResourcesBuildPhase section */
		CA206DE41C91FBB40053BDAD /* Resources */ = {
			isa = PBXResourcesBuildPhase;
			buildActionMask = 2147483647;
			files = (
				CA206DF41C91FBB40053BDAD /* LaunchScreen.storyboard in Resources */,
				CA206DF11C91FBB40053BDAD /* Assets.xcassets in Resources */,
				CA206DEF1C91FBB40053BDAD /* Main.storyboard in Resources */,
			);
			runOnlyForDeploymentPostprocessing = 0;
		};
/* End PBXResourcesBuildPhase section */

/* Begin PBXSourcesBuildPhase section */
		CA206DE21C91FBB40053BDAD /* Sources */ = {
			isa = PBXSourcesBuildPhase;
			buildActionMask = 2147483647;
			files = (
				CA6466031C93948A00B9EAFF /* ViewEvents.swift in Sources */,
				CA206DEC1C91FBB40053BDAD /* ViewController.swift in Sources */,
				CA6465FF1C9201BD00B9EAFF /* Event.swift in Sources */,
				CA6466011C92111C00B9EAFF /* CreateEvent.swift in Sources */,
				CA206DEA1C91FBB40053BDAD /* AppDelegate.swift in Sources */,
			);
			runOnlyForDeploymentPostprocessing = 0;
		};
/* End PBXSourcesBuildPhase section */

/* Begin PBXVariantGroup section */
		CA206DED1C91FBB40053BDAD /* Main.storyboard */ = {
			isa = PBXVariantGroup;
			children = (
				CA206DEE1C91FBB40053BDAD /* Base */,
			);
			name = Main.storyboard;
			sourceTree = "<group>";
		};
		CA206DF21C91FBB40053BDAD /* LaunchScreen.storyboard */ = {
			isa = PBXVariantGroup;
			children = (
				CA206DF31C91FBB40053BDAD /* Base */,
			);
			name = LaunchScreen.storyboard;
			sourceTree = "<group>";
		};
/* End PBXVariantGroup section */

/* Begin XCBuildConfiguration section */
		CA206DF61C91FBB40053BDAD /* Debug */ = {
			isa = XCBuildConfiguration;
			buildSettings = {
				ALWAYS_SEARCH_USER_PATHS = NO;
				CLANG_ANALYZER_NONNULL = YES;
				CLANG_CXX_LANGUAGE_STANDARD = "gnu++0x";
				CLANG_CXX_LIBRARY = "libc++";
				CLANG_ENABLE_MODULES = YES;
				CLANG_ENABLE_OBJC_ARC = YES;
				CLANG_WARN_BOOL_CONVERSION = YES;
				CLANG_WARN_CONSTANT_CONVERSION = YES;
				CLANG_WARN_DIRECT_OBJC_ISA_USAGE = YES_ERROR;
				CLANG_WARN_EMPTY_BODY = YES;
				CLANG_WARN_ENUM_CONVERSION = YES;
				CLANG_WARN_INT_CONVERSION = YES;
				CLANG_WARN_OBJC_ROOT_CLASS = YES_ERROR;
				CLANG_WARN_UNREACHABLE_CODE = YES;
				CLANG_WARN__DUPLICATE_METHOD_MATCH = YES;
				"CODE_SIGN_IDENTITY[sdk=iphoneos*]" = "iPhone Developer";
				COPY_PHASE_STRIP = NO;
				DEBUG_INFORMATION_FORMAT = dwarf;
				ENABLE_STRICT_OBJC_MSGSEND = YES;
				ENABLE_TESTABILITY = YES;
				GCC_C_LANGUAGE_STANDARD = gnu99;
				GCC_DYNAMIC_NO_PIC = NO;
				GCC_NO_COMMON_BLOCKS = YES;
				GCC_OPTIMIZATION_LEVEL = 0;
				GCC_PREPROCESSOR_DEFINITIONS = (
					"DEBUG=1",
					"$(inherited)",
				);
				GCC_WARN_64_TO_32_BIT_CONVERSION = YES;
				GCC_WARN_ABOUT_RETURN_TYPE = YES_ERROR;
				GCC_WARN_UNDECLARED_SELECTOR = YES;
				GCC_WARN_UNINITIALIZED_AUTOS = YES_AGGRESSIVE;
				GCC_WARN_UNUSED_FUNCTION = YES;
				GCC_WARN_UNUSED_VARIABLE = YES;
				IPHONEOS_DEPLOYMENT_TARGET = 9.3;
				MTL_ENABLE_DEBUG_INFO = YES;
				ONLY_ACTIVE_ARCH = YES;
				SDKROOT = iphoneos;
				SWIFT_OPTIMIZATION_LEVEL = "-Onone";
			};
			name = Debug;
		};
		CA206DF71C91FBB40053BDAD /* Release */ = {
			isa = XCBuildConfiguration;
			buildSettings = {
				ALWAYS_SEARCH_USER_PATHS = NO;
				CLANG_ANALYZER_NONNULL = YES;
				CLANG_CXX_LANGUAGE_STANDARD = "gnu++0x";
				CLANG_CXX_LIBRARY = "libc++";
				CLANG_ENABLE_MODULES = YES;
				CLANG_ENABLE_OBJC_ARC = YES;
				CLANG_WARN_BOOL_CONVERSION = YES;
				CLANG_WARN_CONSTANT_CONVERSION = YES;
				CLANG_WARN_DIRECT_OBJC_ISA_USAGE = YES_ERROR;
				CLANG_WARN_EMPTY_BODY = YES;
				CLANG_WARN_ENUM_CONVERSION = YES;
				CLANG_WARN_INT_CONVERSION = YES;
				CLANG_WARN_OBJC_ROOT_CLASS = YES_ERROR;
				CLANG_WARN_UNREACHABLE_CODE = YES;
				CLANG_WARN__DUPLICATE_METHOD_MATCH = YES;
				"CODE_SIGN_IDENTITY[sdk=iphoneos*]" = "iPhone Developer";
				COPY_PHASE_STRIP = NO;
				DEBUG_INFORMATION_FORMAT = "dwarf-with-dsym";
				ENABLE_NS_ASSERTIONS = NO;
				ENABLE_STRICT_OBJC_MSGSEND = YES;
				GCC_C_LANGUAGE_STANDARD = gnu99;
				GCC_NO_COMMON_BLOCKS = YES;
				GCC_WARN_64_TO_32_BIT_CONVERSION = YES;
				GCC_WARN_ABOUT_RETURN_TYPE = YES_ERROR;
				GCC_WARN_UNDECLARED_SELECTOR = YES;
				GCC_WARN_UNINITIALIZED_AUTOS = YES_AGGRESSIVE;
				GCC_WARN_UNUSED_FUNCTION = YES;
				GCC_WARN_UNUSED_VARIABLE = YES;
				IPHONEOS_DEPLOYMENT_TARGET = 9.3;
				MTL_ENABLE_DEBUG_INFO = NO;
				SDKROOT = iphoneos;
				VALIDATE_PRODUCT = YES;
			};
			name = Release;
		};
		CA206DF91C91FBB40053BDAD /* Debug */ = {
			isa = XCBuildConfiguration;
			buildSettings = {
				ASSETCATALOG_COMPILER_APPICON_NAME = AppIcon;
				INFOPLIST_FILE = CS407hw2/Info.plist;
				LD_RUNPATH_SEARCH_PATHS = "$(inherited) @executable_path/Frameworks";
				PRODUCT_BUNDLE_IDENTIFIER = margy.CS407hw2;
				PRODUCT_NAME = "$(TARGET_NAME)";
			};
			name = Debug;
		};
		CA206DFA1C91FBB40053BDAD /* Release */ = {
			isa = XCBuildConfiguration;
			buildSettings = {
				ASSETCATALOG_COMPILER_APPICON_NAME = AppIcon;
				INFOPLIST_FILE = CS407hw2/Info.plist;
				LD_RUNPATH_SEARCH_PATHS = "$(inherited) @executable_path/Frameworks";
				PRODUCT_BUNDLE_IDENTIFIER = margy.CS407hw2;
				PRODUCT_NAME = "$(TARGET_NAME)";
			};
			name = Release;
		};
/* End XCBuildConfiguration section */

/* Begin XCConfigurationList section */
		CA206DE11C91FBB40053BDAD /* Build configuration list for PBXProject "CS407hw2" */ = {
			isa = XCConfigurationList;
			buildConfigurations = (
				CA206DF61C91FBB40053BDAD /* Debug */,
				CA206DF71C91FBB40053BDAD /* Release */,
			);
			defaultConfigurationIsVisible = 0;
			defaultConfigurationName = Release;
		};
		CA206DF81C91FBB40053BDAD /* Build configuration list for PBXNativeTarget "CS407hw2" */ = {
			isa = XCConfigurationList;
			buildConfigurations = (
				CA206DF91C91FBB40053BDAD /* Debug */,
				CA206DFA1C91FBB40053BDAD /* Release */,
			);
			defaultConfigurationIsVisible = 0;
			defaultConfigurationName = Release;
		};
/* End XCConfigurationList section */
	};
	rootObject = CA206DDE1C91FBB40053BDAD /* Project object */;
}
